// !$*UTF8*$!
{
	archiveVersion = 1;
	classes = {
	};
	objectVersion = 50;
	objects = {

/* Begin PBXBuildFile section */
		CE05D860225C7607001B6A4A /* AppDelegate.swift in Sources */ = {isa = PBXBuildFile; fileRef = CE05D85F225C7607001B6A4A /* AppDelegate.swift */; };
		CE05D862225C7607001B6A4A /* ViewController.swift in Sources */ = {isa = PBXBuildFile; fileRef = CE05D861225C7607001B6A4A /* ViewController.swift */; };
		CE05D865225C7607001B6A4A /* Main.storyboard in Resources */ = {isa = PBXBuildFile; fileRef = CE05D863225C7607001B6A4A /* Main.storyboard */; };
		CE05D867225C760A001B6A4A /* Assets.xcassets in Resources */ = {isa = PBXBuildFile; fileRef = CE05D866225C760A001B6A4A /* Assets.xcassets */; };
		CE05D86A225C760A001B6A4A /* LaunchScreen.storyboard in Resources */ = {isa = PBXBuildFile; fileRef = CE05D868225C760A001B6A4A /* LaunchScreen.storyboard */; };
		CE05D87C225C7843001B6A4A /* OrderdetailTableViewCell.swift in Sources */ = {isa = PBXBuildFile; fileRef = CE05D871225C7841001B6A4A /* OrderdetailTableViewCell.swift */; };
		CE05D87D225C7843001B6A4A /* Map2VC.swift in Sources */ = {isa = PBXBuildFile; fileRef = CE05D872225C7841001B6A4A /* Map2VC.swift */; };
		CE05D87E225C7843001B6A4A /* DetailVC.swift in Sources */ = {isa = PBXBuildFile; fileRef = CE05D873225C7841001B6A4A /* DetailVC.swift */; };
		CE05D87F225C7843001B6A4A /* OrderTableViewCell.swift in Sources */ = {isa = PBXBuildFile; fileRef = CE05D874225C7842001B6A4A /* OrderTableViewCell.swift */; };
		CE05D880225C7843001B6A4A /* MapVC.swift in Sources */ = {isa = PBXBuildFile; fileRef = CE05D875225C7842001B6A4A /* MapVC.swift */; };
		CE05D882225C7843001B6A4A /* G87orderdetailViewController.swift in Sources */ = {isa = PBXBuildFile; fileRef = CE05D877225C7842001B6A4A /* G87orderdetailViewController.swift */; };
		CE05D883225C7843001B6A4A /* Spot.swift in Sources */ = {isa = PBXBuildFile; fileRef = CE05D878225C7842001B6A4A /* Spot.swift */; };
		CE05D884225C7843001B6A4A /* G87orderViewController.swift in Sources */ = {isa = PBXBuildFile; fileRef = CE05D879225C7842001B6A4A /* G87orderViewController.swift */; };
		CE05D885225C7843001B6A4A /* MemberUpdataVC.swift in Sources */ = {isa = PBXBuildFile; fileRef = CE05D87A225C7842001B6A4A /* MemberUpdataVC.swift */; };
		CE05D886225C7843001B6A4A /* G87ConsumerInformationViewController.swift in Sources */ = {isa = PBXBuildFile; fileRef = CE05D87B225C7842001B6A4A /* G87ConsumerInformationViewController.swift */; };
		CE05D88B225C78AB001B6A4A /* Good.swift in Sources */ = {isa = PBXBuildFile; fileRef = CE05D887225C78AB001B6A4A /* Good.swift */; };
		CE05D88C225C78AB001B6A4A /* Order.swift in Sources */ = {isa = PBXBuildFile; fileRef = CE05D888225C78AB001B6A4A /* Order.swift */; };
		CE05D88D225C78AB001B6A4A /* User.swift in Sources */ = {isa = PBXBuildFile; fileRef = CE05D889225C78AB001B6A4A /* User.swift */; };
		CE05D88E225C78AB001B6A4A /* Orderdetail.swift in Sources */ = {isa = PBXBuildFile; fileRef = CE05D88A225C78AB001B6A4A /* Orderdetail.swift */; };
		CE05D890225C78BE001B6A4A /* Common.swift in Sources */ = {isa = PBXBuildFile; fileRef = CE05D88F225C78BD001B6A4A /* Common.swift */; };
		CE05D896225C798B001B6A4A /* ScanQRCodeVC.swift in Sources */ = {isa = PBXBuildFile; fileRef = CE05D891225C798A001B6A4A /* ScanQRCodeVC.swift */; };
		CE05D897225C798B001B6A4A /* ManagerOrderCell.swift in Sources */ = {isa = PBXBuildFile; fileRef = CE05D892225C798A001B6A4A /* ManagerOrderCell.swift */; };
		CE05D898225C798B001B6A4A /* ManagerOrderEditTVC.swift in Sources */ = {isa = PBXBuildFile; fileRef = CE05D893225C798A001B6A4A /* ManagerOrderEditTVC.swift */; };
		CE05D899225C798B001B6A4A /* ManagerOrder.storyboard in Resources */ = {isa = PBXBuildFile; fileRef = CE05D894225C798B001B6A4A /* ManagerOrder.storyboard */; };
		CE05D89A225C798B001B6A4A /* ManagerOrderTVC.swift in Sources */ = {isa = PBXBuildFile; fileRef = CE05D895225C798B001B6A4A /* ManagerOrderTVC.swift */; };
		CE05D89C225C79A1001B6A4A /* ConsumerInformation.storyboard in Resources */ = {isa = PBXBuildFile; fileRef = CE05D89B225C79A1001B6A4A /* ConsumerInformation.storyboard */; };
/* End PBXBuildFile section */

/* Begin PBXFileReference section */
		CE05D85C225C7607001B6A4A /* qrcosetest.app */ = {isa = PBXFileReference; explicitFileType = wrapper.application; includeInIndex = 0; path = qrcosetest.app; sourceTree = BUILT_PRODUCTS_DIR; };
		CE05D85F225C7607001B6A4A /* AppDelegate.swift */ = {isa = PBXFileReference; lastKnownFileType = sourcecode.swift; path = AppDelegate.swift; sourceTree = "<group>"; };
		CE05D861225C7607001B6A4A /* ViewController.swift */ = {isa = PBXFileReference; lastKnownFileType = sourcecode.swift; path = ViewController.swift; sourceTree = "<group>"; };
		CE05D864225C7607001B6A4A /* Base */ = {isa = PBXFileReference; lastKnownFileType = file.storyboard; name = Base; path = Base.lproj/Main.storyboard; sourceTree = "<group>"; };
		CE05D866225C760A001B6A4A /* Assets.xcassets */ = {isa = PBXFileReference; lastKnownFileType = folder.assetcatalog; path = Assets.xcassets; sourceTree = "<group>"; };
		CE05D869225C760A001B6A4A /* Base */ = {isa = PBXFileReference; lastKnownFileType = file.storyboard; name = Base; path = Base.lproj/LaunchScreen.storyboard; sourceTree = "<group>"; };
		CE05D86B225C760A001B6A4A /* Info.plist */ = {isa = PBXFileReference; lastKnownFileType = text.plist.xml; path = Info.plist; sourceTree = "<group>"; };
		CE05D871225C7841001B6A4A /* OrderdetailTableViewCell.swift */ = {isa = PBXFileReference; fileEncoding = 4; lastKnownFileType = sourcecode.swift; path = OrderdetailTableViewCell.swift; sourceTree = "<group>"; };
		CE05D872225C7841001B6A4A /* Map2VC.swift */ = {isa = PBXFileReference; fileEncoding = 4; lastKnownFileType = sourcecode.swift; path = Map2VC.swift; sourceTree = "<group>"; };
		CE05D873225C7841001B6A4A /* DetailVC.swift */ = {isa = PBXFileReference; fileEncoding = 4; lastKnownFileType = sourcecode.swift; path = DetailVC.swift; sourceTree = "<group>"; };
		CE05D874225C7842001B6A4A /* OrderTableViewCell.swift */ = {isa = PBXFileReference; fileEncoding = 4; lastKnownFileType = sourcecode.swift; path = OrderTableViewCell.swift; sourceTree = "<group>"; };
		CE05D875225C7842001B6A4A /* MapVC.swift */ = {isa = PBXFileReference; fileEncoding = 4; lastKnownFileType = sourcecode.swift; path = MapVC.swift; sourceTree = "<group>"; };
		CE05D877225C7842001B6A4A /* G87orderdetailViewController.swift */ = {isa = PBXFileReference; fileEncoding = 4; lastKnownFileType = sourcecode.swift; path = G87orderdetailViewController.swift; sourceTree = "<group>"; };
		CE05D878225C7842001B6A4A /* Spot.swift */ = {isa = PBXFileReference; fileEncoding = 4; lastKnownFileType = sourcecode.swift; path = Spot.swift; sourceTree = "<group>"; };
		CE05D879225C7842001B6A4A /* G87orderViewController.swift */ = {isa = PBXFileReference; fileEncoding = 4; lastKnownFileType = sourcecode.swift; path = G87orderViewController.swift; sourceTree = "<group>"; };
		CE05D87A225C7842001B6A4A /* MemberUpdataVC.swift */ = {isa = PBXFileReference; fileEncoding = 4; lastKnownFileType = sourcecode.swift; path = MemberUpdataVC.swift; sourceTree = "<group>"; };
		CE05D87B225C7842001B6A4A /* G87ConsumerInformationViewController.swift */ = {isa = PBXFileReference; fileEncoding = 4; lastKnownFileType = sourcecode.swift; path = G87ConsumerInformationViewController.swift; sourceTree = "<group>"; };
		CE05D887225C78AB001B6A4A /* Good.swift */ = {isa = PBXFileReference; fileEncoding = 4; lastKnownFileType = sourcecode.swift; path = Good.swift; sourceTree = "<group>"; };
		CE05D888225C78AB001B6A4A /* Order.swift */ = {isa = PBXFileReference; fileEncoding = 4; lastKnownFileType = sourcecode.swift; path = Order.swift; sourceTree = "<group>"; };
		CE05D889225C78AB001B6A4A /* User.swift */ = {isa = PBXFileReference; fileEncoding = 4; lastKnownFileType = sourcecode.swift; path = User.swift; sourceTree = "<group>"; };
		CE05D88A225C78AB001B6A4A /* Orderdetail.swift */ = {isa = PBXFileReference; fileEncoding = 4; lastKnownFileType = sourcecode.swift; path = Orderdetail.swift; sourceTree = "<group>"; };
		CE05D88F225C78BD001B6A4A /* Common.swift */ = {isa = PBXFileReference; fileEncoding = 4; lastKnownFileType = sourcecode.swift; path = Common.swift; sourceTree = "<group>"; };
		CE05D891225C798A001B6A4A /* ScanQRCodeVC.swift */ = {isa = PBXFileReference; fileEncoding = 4; lastKnownFileType = sourcecode.swift; path = ScanQRCodeVC.swift; sourceTree = "<group>"; };
		CE05D892225C798A001B6A4A /* ManagerOrderCell.swift */ = {isa = PBXFileReference; fileEncoding = 4; lastKnownFileType = sourcecode.swift; path = ManagerOrderCell.swift; sourceTree = "<group>"; };
		CE05D893225C798A001B6A4A /* ManagerOrderEditTVC.swift */ = {isa = PBXFileReference; fileEncoding = 4; lastKnownFileType = sourcecode.swift; path = ManagerOrderEditTVC.swift; sourceTree = "<group>"; };
		CE05D894225C798B001B6A4A /* ManagerOrder.storyboard */ = {isa = PBXFileReference; fileEncoding = 4; lastKnownFileType = file.storyboard; path = ManagerOrder.storyboard; sourceTree = "<group>"; };
		CE05D895225C798B001B6A4A /* ManagerOrderTVC.swift */ = {isa = PBXFileReference; fileEncoding = 4; lastKnownFileType = sourcecode.swift; path = ManagerOrderTVC.swift; sourceTree = "<group>"; };
		CE05D89B225C79A1001B6A4A /* ConsumerInformation.storyboard */ = {isa = PBXFileReference; fileEncoding = 4; lastKnownFileType = file.storyboard; path = ConsumerInformation.storyboard; sourceTree = "<group>"; };
/* End PBXFileReference section */

/* Begin PBXFrameworksBuildPhase section */
		CE05D859225C7607001B6A4A /* Frameworks */ = {
			isa = PBXFrameworksBuildPhase;
			buildActionMask = 2147483647;
			files = (
			);
			runOnlyForDeploymentPostprocessing = 0;
		};
/* End PBXFrameworksBuildPhase section */

/* Begin PBXGroup section */
		CE05D853225C7607001B6A4A = {
			isa = PBXGroup;
			children = (
				CE05D85E225C7607001B6A4A /* qrcosetest */,
				CE05D85D225C7607001B6A4A /* Products */,
			);
			sourceTree = "<group>";
		};
		CE05D85D225C7607001B6A4A /* Products */ = {
			isa = PBXGroup;
			children = (
				CE05D85C225C7607001B6A4A /* qrcosetest.app */,
			);
			name = Products;
			sourceTree = "<group>";
		};
		CE05D85E225C7607001B6A4A /* qrcosetest */ = {
			isa = PBXGroup;
			children = (
				CE05D895225C798B001B6A4A /* ManagerOrderTVC.swift */,
				CE05D888225C78AB001B6A4A /* Order.swift */,
				CE05D891225C798A001B6A4A /* ScanQRCodeVC.swift */,
				CE05D893225C798A001B6A4A /* ManagerOrderEditTVC.swift */,
				CE05D877225C7842001B6A4A /* G87orderdetailViewController.swift */,
				CE05D88F225C78BD001B6A4A /* Common.swift */,
				CE05D894225C798B001B6A4A /* ManagerOrder.storyboard */,
				CE05D89B225C79A1001B6A4A /* ConsumerInformation.storyboard */,
				CE05D866225C760A001B6A4A /* Assets.xcassets */,
				CE05D85F225C7607001B6A4A /* AppDelegate.swift */,
				CE05D861225C7607001B6A4A /* ViewController.swift */,
				CE05D863225C7607001B6A4A /* Main.storyboard */,
				CE05D892225C798A001B6A4A /* ManagerOrderCell.swift */,
				CE05D887225C78AB001B6A4A /* Good.swift */,
				CE05D88A225C78AB001B6A4A /* Orderdetail.swift */,
				CE05D889225C78AB001B6A4A /* User.swift */,
				CE05D873225C7841001B6A4A /* DetailVC.swift */,
				CE05D87B225C7842001B6A4A /* G87ConsumerInformationViewController.swift */,
				CE05D879225C7842001B6A4A /* G87orderViewController.swift */,
				CE05D872225C7841001B6A4A /* Map2VC.swift */,
				CE05D875225C7842001B6A4A /* MapVC.swift */,
				CE05D87A225C7842001B6A4A /* MemberUpdataVC.swift */,
				CE05D871225C7841001B6A4A /* OrderdetailTableViewCell.swift */,
				CE05D874225C7842001B6A4A /* OrderTableViewCell.swift */,
				CE05D878225C7842001B6A4A /* Spot.swift */,
				CE05D868225C760A001B6A4A /* LaunchScreen.storyboard */,
				CE05D86B225C760A001B6A4A /* Info.plist */,
			);
			path = qrcosetest;
			sourceTree = "<group>";
		};
/* End PBXGroup section */

/* Begin PBXNativeTarget section */
		CE05D85B225C7607001B6A4A /* qrcosetest */ = {
			isa = PBXNativeTarget;
			buildConfigurationList = CE05D86E225C760A001B6A4A /* Build configuration list for PBXNativeTarget "qrcosetest" */;
			buildPhases = (
				CE05D858225C7607001B6A4A /* Sources */,
				CE05D859225C7607001B6A4A /* Frameworks */,
				CE05D85A225C7607001B6A4A /* Resources */,
			);
			buildRules = (
			);
			dependencies = (
			);
			name = qrcosetest;
			productName = qrcosetest;
			productReference = CE05D85C225C7607001B6A4A /* qrcosetest.app */;
			productType = "com.apple.product-type.application";
		};
/* End PBXNativeTarget section */

/* Begin PBXProject section */
		CE05D854225C7607001B6A4A /* Project object */ = {
			isa = PBXProject;
			attributes = {
				LastSwiftUpdateCheck = 1020;
				LastUpgradeCheck = 1020;
				ORGANIZATIONNAME = g87;
				TargetAttributes = {
					CE05D85B225C7607001B6A4A = {
						CreatedOnToolsVersion = 10.2;
					};
				};
			};
			buildConfigurationList = CE05D857225C7607001B6A4A /* Build configuration list for PBXProject "qrcosetest" */;
			compatibilityVersion = "Xcode 9.3";
			developmentRegion = en;
			hasScannedForEncodings = 0;
			knownRegions = (
				en,
				Base,
			);
			mainGroup = CE05D853225C7607001B6A4A;
			productRefGroup = CE05D85D225C7607001B6A4A /* Products */;
			projectDirPath = "";
			projectRoot = "";
			targets = (
				CE05D85B225C7607001B6A4A /* qrcosetest */,
			);
		};
/* End PBXProject section */

/* Begin PBXResourcesBuildPhase section */
		CE05D85A225C7607001B6A4A /* Resources */ = {
			isa = PBXResourcesBuildPhase;
			buildActionMask = 2147483647;
			files = (
				CE05D86A225C760A001B6A4A /* LaunchScreen.storyboard in Resources */,
				CE05D89C225C79A1001B6A4A /* ConsumerInformation.storyboard in Resources */,
				CE05D899225C798B001B6A4A /* ManagerOrder.storyboard in Resources */,
				CE05D867225C760A001B6A4A /* Assets.xcassets in Resources */,
				CE05D865225C7607001B6A4A /* Main.storyboard in Resources */,
			);
			runOnlyForDeploymentPostprocessing = 0;
		};
/* End PBXResourcesBuildPhase section */

/* Begin PBXSourcesBuildPhase section */
		CE05D858225C7607001B6A4A /* Sources */ = {
			isa = PBXSourcesBuildPhase;
			buildActionMask = 2147483647;
			files = (
				CE05D88B225C78AB001B6A4A /* Good.swift in Sources */,
				CE05D896225C798B001B6A4A /* ScanQRCodeVC.swift in Sources */,
				CE05D87F225C7843001B6A4A /* OrderTableViewCell.swift in Sources */,
				CE05D882225C7843001B6A4A /* G87orderdetailViewController.swift in Sources */,
				CE05D87E225C7843001B6A4A /* DetailVC.swift in Sources */,
				CE05D890225C78BE001B6A4A /* Common.swift in Sources */,
				CE05D89A225C798B001B6A4A /* ManagerOrderTVC.swift in Sources */,
				CE05D88D225C78AB001B6A4A /* User.swift in Sources */,
				CE05D88E225C78AB001B6A4A /* Orderdetail.swift in Sources */,
				CE05D885225C7843001B6A4A /* MemberUpdataVC.swift in Sources */,
				CE05D898225C798B001B6A4A /* ManagerOrderEditTVC.swift in Sources */,
				CE05D884225C7843001B6A4A /* G87orderViewController.swift in Sources */,
				CE05D87D225C7843001B6A4A /* Map2VC.swift in Sources */,
				CE05D862225C7607001B6A4A /* ViewController.swift in Sources */,
				CE05D886225C7843001B6A4A /* G87ConsumerInformationViewController.swift in Sources */,
				CE05D880225C7843001B6A4A /* MapVC.swift in Sources */,
				CE05D883225C7843001B6A4A /* Spot.swift in Sources */,
				CE05D897225C798B001B6A4A /* ManagerOrderCell.swift in Sources */,
				CE05D88C225C78AB001B6A4A /* Order.swift in Sources */,
				CE05D860225C7607001B6A4A /* AppDelegate.swift in Sources */,
				CE05D87C225C7843001B6A4A /* OrderdetailTableViewCell.swift in Sources */,
			);
			runOnlyForDeploymentPostprocessing = 0;
		};
/* End PBXSourcesBuildPhase section */

/* Begin PBXVariantGroup section */
		CE05D863225C7607001B6A4A /* Main.storyboard */ = {
			isa = PBXVariantGroup;
			children = (
				CE05D864225C7607001B6A4A /* Base */,
			);
			name = Main.storyboard;
			sourceTree = "<group>";
		};
		CE05D868225C760A001B6A4A /* LaunchScreen.storyboard */ = {
			isa = PBXVariantGroup;
			children = (
				CE05D869225C760A001B6A4A /* Base */,
			);
			name = LaunchScreen.storyboard;
			sourceTree = "<group>";
		};
/* End PBXVariantGroup section */

/* Begin XCBuildConfiguration section */
		CE05D86C225C760A001B6A4A /* Debug */ = {
			isa = XCBuildConfiguration;
			buildSettings = {
				ALWAYS_SEARCH_USER_PATHS = NO;
				CLANG_ANALYZER_NONNULL = YES;
				CLANG_ANALYZER_NUMBER_OBJECT_CONVERSION = YES_AGGRESSIVE;
				CLANG_CXX_LANGUAGE_STANDARD = "gnu++14";
				CLANG_CXX_LIBRARY = "libc++";
				CLANG_ENABLE_MODULES = YES;
				CLANG_ENABLE_OBJC_ARC = YES;
				CLANG_ENABLE_OBJC_WEAK = YES;
				CLANG_WARN_BLOCK_CAPTURE_AUTORELEASING = YES;
				CLANG_WARN_BOOL_CONVERSION = YES;
				CLANG_WARN_COMMA = YES;
				CLANG_WARN_CONSTANT_CONVERSION = YES;
				CLANG_WARN_DEPRECATED_OBJC_IMPLEMENTATIONS = YES;
				CLANG_WARN_DIRECT_OBJC_ISA_USAGE = YES_ERROR;
				CLANG_WARN_DOCUMENTATION_COMMENTS = YES;
				CLANG_WARN_EMPTY_BODY = YES;
				CLANG_WARN_ENUM_CONVERSION = YES;
				CLANG_WARN_INFINITE_RECURSION = YES;
				CLANG_WARN_INT_CONVERSION = YES;
				CLANG_WARN_NON_LITERAL_NULL_CONVERSION = YES;
				CLANG_WARN_OBJC_IMPLICIT_RETAIN_SELF = YES;
				CLANG_WARN_OBJC_LITERAL_CONVERSION = YES;
				CLANG_WARN_OBJC_ROOT_CLASS = YES_ERROR;
				CLANG_WARN_RANGE_LOOP_ANALYSIS = YES;
				CLANG_WARN_STRICT_PROTOTYPES = YES;
				CLANG_WARN_SUSPICIOUS_MOVE = YES;
				CLANG_WARN_UNGUARDED_AVAILABILITY = YES_AGGRESSIVE;
				CLANG_WARN_UNREACHABLE_CODE = YES;
				CLANG_WARN__DUPLICATE_METHOD_MATCH = YES;
				CODE_SIGN_IDENTITY = "iPhone Developer";
				COPY_PHASE_STRIP = NO;
				DEBUG_INFORMATION_FORMAT = dwarf;
				ENABLE_STRICT_OBJC_MSGSEND = YES;
				ENABLE_TESTABILITY = YES;
				GCC_C_LANGUAGE_STANDARD = gnu11;
				GCC_DYNAMIC_NO_PIC = NO;
				GCC_NO_COMMON_BLOCKS = YES;
				GCC_OPTIMIZATION_LEVEL = 0;
				GCC_PREPROCESSOR_DEFINITIONS = (
					"DEBUG=1",
					"$(inherited)",
				);
				GCC_WARN_64_TO_32_BIT_CONVERSION = YES;
				GCC_WARN_ABOUT_RETURN_TYPE = YES_ERROR;
				GCC_WARN_UNDECLARED_SELECTOR = YES;
				GCC_WARN_UNINITIALIZED_AUTOS = YES_AGGRESSIVE;
				GCC_WARN_UNUSED_FUNCTION = YES;
				GCC_WARN_UNUSED_VARIABLE = YES;
				IPHONEOS_DEPLOYMENT_TARGET = 12.2;
				MTL_ENABLE_DEBUG_INFO = INCLUDE_SOURCE;
				MTL_FAST_MATH = YES;
				ONLY_ACTIVE_ARCH = YES;
				SDKROOT = iphoneos;
				SWIFT_ACTIVE_COMPILATION_CONDITIONS = DEBUG;
				SWIFT_OPTIMIZATION_LEVEL = "-Onone";
			};
			name = Debug;
		};
		CE05D86D225C760A001B6A4A /* Release */ = {
			isa = XCBuildConfiguration;
			buildSettings = {
				ALWAYS_SEARCH_USER_PATHS = NO;
				CLANG_ANALYZER_NONNULL = YES;
				CLANG_ANALYZER_NUMBER_OBJECT_CONVERSION = YES_AGGRESSIVE;
				CLANG_CXX_LANGUAGE_STANDARD = "gnu++14";
				CLANG_CXX_LIBRARY = "libc++";
				CLANG_ENABLE_MODULES = YES;
				CLANG_ENABLE_OBJC_ARC = YES;
				CLANG_ENABLE_OBJC_WEAK = YES;
				CLANG_WARN_BLOCK_CAPTURE_AUTORELEASING = YES;
				CLANG_WARN_BOOL_CONVERSION = YES;
				CLANG_WARN_COMMA = YES;
				CLANG_WARN_CONSTANT_CONVERSION = YES;
				CLANG_WARN_DEPRECATED_OBJC_IMPLEMENTATIONS = YES;
				CLANG_WARN_DIRECT_OBJC_ISA_USAGE = YES_ERROR;
				CLANG_WARN_DOCUMENTATION_COMMENTS = YES;
				CLANG_WARN_EMPTY_BODY = YES;
				CLANG_WARN_ENUM_CONVERSION = YES;
				CLANG_WARN_INFINITE_RECURSION = YES;
				CLANG_WARN_INT_CONVERSION = YES;
				CLANG_WARN_NON_LITERAL_NULL_CONVERSION = YES;
				CLANG_WARN_OBJC_IMPLICIT_RETAIN_SELF = YES;
				CLANG_WARN_OBJC_LITERAL_CONVERSION = YES;
				CLANG_WARN_OBJC_ROOT_CLASS = YES_ERROR;
				CLANG_WARN_RANGE_LOOP_ANALYSIS = YES;
				CLANG_WARN_STRICT_PROTOTYPES = YES;
				CLANG_WARN_SUSPICIOUS_MOVE = YES;
				CLANG_WARN_UNGUARDED_AVAILABILITY = YES_AGGRESSIVE;
				CLANG_WARN_UNREACHABLE_CODE = YES;
				CLANG_WARN__DUPLICATE_METHOD_MATCH = YES;
				CODE_SIGN_IDENTITY = "iPhone Developer";
				COPY_PHASE_STRIP = NO;
				DEBUG_INFORMATION_FORMAT = "dwarf-with-dsym";
				ENABLE_NS_ASSERTIONS = NO;
				ENABLE_STRICT_OBJC_MSGSEND = YES;
				GCC_C_LANGUAGE_STANDARD = gnu11;
				GCC_NO_COMMON_BLOCKS = YES;
				GCC_WARN_64_TO_32_BIT_CONVERSION = YES;
				GCC_WARN_ABOUT_RETURN_TYPE = YES_ERROR;
				GCC_WARN_UNDECLARED_SELECTOR = YES;
				GCC_WARN_UNINITIALIZED_AUTOS = YES_AGGRESSIVE;
				GCC_WARN_UNUSED_FUNCTION = YES;
				GCC_WARN_UNUSED_VARIABLE = YES;
				IPHONEOS_DEPLOYMENT_TARGET = 12.2;
				MTL_ENABLE_DEBUG_INFO = NO;
				MTL_FAST_MATH = YES;
				SDKROOT = iphoneos;
				SWIFT_COMPILATION_MODE = wholemodule;
				SWIFT_OPTIMIZATION_LEVEL = "-O";
				VALIDATE_PRODUCT = YES;
			};
			name = Release;
		};
		CE05D86F225C760A001B6A4A /* Debug */ = {
			isa = XCBuildConfiguration;
			buildSettings = {
				ASSETCATALOG_COMPILER_APPICON_NAME = AppIcon;
				CODE_SIGN_STYLE = Automatic;
				DEVELOPMENT_TEAM = NZLRVLS9RU;
				INFOPLIST_FILE = qrcosetest/Info.plist;
				IPHONEOS_DEPLOYMENT_TARGET = 12.1;
				LD_RUNPATH_SEARCH_PATHS = (
					"$(inherited)",
					"@executable_path/Frameworks",
				);
				PRODUCT_BUNDLE_IDENTIFIER = g87.com.qrcosetest;
				PRODUCT_NAME = "$(TARGET_NAME)";
				SWIFT_VERSION = 5.0;
				TARGETED_DEVICE_FAMILY = "1,2";
			};
			name = Debug;
		};
		CE05D870225C760A001B6A4A /* Release */ = {
			isa = XCBuildConfiguration;
			buildSettings = {
				ASSETCATALOG_COMPILER_APPICON_NAME = AppIcon;
				CODE_SIGN_STYLE = Automatic;
				DEVELOPMENT_TEAM = NZLRVLS9RU;
				INFOPLIST_FILE = qrcosetest/Info.plist;
				IPHONEOS_DEPLOYMENT_TARGET = 12.1;
				LD_RUNPATH_SEARCH_PATHS = (
					"$(inherited)",
					"@executable_path/Frameworks",
				);
				PRODUCT_BUNDLE_IDENTIFIER = g87.com.qrcosetest;
				PRODUCT_NAME = "$(TARGET_NAME)";
				SWIFT_VERSION = 5.0;
				TARGETED_DEVICE_FAMILY = "1,2";
			};
			name = Release;
		};
/* End XCBuildConfiguration section */

/* Begin XCConfigurationList section */
		CE05D857225C7607001B6A4A /* Build configuration list for PBXProject "qrcosetest" */ = {
			isa = XCConfigurationList;
			buildConfigurations = (
				CE05D86C225C760A001B6A4A /* Debug */,
				CE05D86D225C760A001B6A4A /* Release */,
			);
			defaultConfigurationIsVisible = 0;
			defaultConfigurationName = Release;
		};
		CE05D86E225C760A001B6A4A /* Build configuration list for PBXNativeTarget "qrcosetest" */ = {
			isa = XCConfigurationList;
			buildConfigurations = (
				CE05D86F225C760A001B6A4A /* Debug */,
				CE05D870225C760A001B6A4A /* Release */,
			);
			defaultConfigurationIsVisible = 0;
			defaultConfigurationName = Release;
		};
/* End XCConfigurationList section */
	};
	rootObject = CE05D854225C7607001B6A4A /* Project object */;
}
